
Microsoft Visual Studio Solution File, Format Version 12.00
# Visual Studio 15
VisualStudioVersion = 15.0.28307.168
MinimumVisualStudioVersion = 10.0.40219.1
Project("{FAE04EC0-301F-11D3-BF4B-00C04F79EFBC}") = "REST", "REST\REST.csproj", "{BFE19069-098B-404F-87B3-F5A2350204AC}"
EndProject
Global
	GlobalSection(SolutionConfigurationPlatforms) = preSolution
		Debug|Any CPU = Debug|Any CPU
		Release|Any CPU = Release|Any CPU
	EndGlobalSection
	GlobalSection(ProjectConfigurationPlatforms) = postSolution
		{BFE19069-098B-404F-87B3-F5A2350204AC}.Debug|Any CPU.ActiveCfg = Debug|Any CPU
		{BFE19069-098B-404F-87B3-F5A2350204AC}.Debug|Any CPU.Build.0 = Debug|Any CPU
		{BFE19069-098B-404F-87B3-F5A2350204AC}.Release|Any CPU.ActiveCfg = Release|Any CPU
		{BFE19069-098B-404F-87B3-F5A2350204AC}.Release|Any CPU.Build.0 = Release|Any CPU
	EndGlobalSection
	GlobalSection(SolutionProperties) = preSolution
		HideSolutionNode = FALSE
	EndGlobalSection
	GlobalSection(ExtensibilityGlobals) = postSolution
		SolutionGuid = {394FB341-6400-4F5D-AE0F-2F55C576D5BE}
	EndGlobalSection
EndGlobal
